{
  "name": "ffcomponent",
  "version": "0.1.1",
  "lockfileVersion": 3,
  "requires": true,
  "packages": {
    "": {
      "name": "ffcomponent",
      "version": "0.1.1",
      "license": "MIT",
      "dependencies": {
        "ffevent": "^0.1.0"
      }
    },
    "node_modules/ffevent": {
      "version": "0.1.0",
      "resolved": "https://registry.npmjs.org/ffevent/-/ffevent-0.1.0.tgz",
      "integrity": "sha512-IcEnwAGBk1XhoxaABuD/bAhU9cEEun/IUQoT1JYhHlPq2e5PjiPU9lGRKR3DNcEGgNLZMnT84Xd+c7AXu37Tcw=="
    }
  }
}
